Microsoft Visual Studio Solution File, Format Version 12.00
# Visual Studio Version 16
VisualStudioVersion = 16.0.29613.14
MinimumVisualStudioVersion = 10.0.40219.1
Project("{FAE04EC0-301F-11D3-BF4B-00C04F79EFBC}") = "Buildnumber", "Buildnumber\Buildnumber.csproj", "{1626B6C4-F542-4BBD-8D89-A95F336E2B75}"
EndProject
Global
	GlobalSection(SolutionConfigurationPlatforms) = preSolution
		Debug|Any CPU = Debug|Any CPU
		Release|Any CPU = Release|Any CPU
	EndGlobalSection
	GlobalSection(ProjectConfigurationPlatforms) = postSolution
		{1626B6C4-F542-4BBD-8D89-A95F336E2B75}.Debug|Any CPU.ActiveCfg = Debug|Any CPU
		{1626B6C4-F542-4BBD-8D89-A95F336E2B75}.Debug|Any CPU.Build.0 = Debug|Any CPU
		{1626B6C4-F542-4BBD-8D89-A95F336E2B75}.Release|Any CPU.ActiveCfg = Release|Any CPU
		{1626B6C4-F542-4BBD-8D89-A95F336E2B75}.Release|Any CPU.Build.0 = Release|Any CPU
	EndGlobalSection
	GlobalSection(SolutionProperties) = preSolution
		HideSolutionNode = FALSE
	EndGlobalSection
	GlobalSection(ExtensibilityGlobals) = postSolution
		SolutionGuid = {2E862422-FDF9-43FD-BA2C-4AA5D5B5CBCC}
	EndGlobalSection
EndGlobal
